Microsoft Visual Studio Solution File, Format Version 11.00
# Visual Studio 2008

Project("{A3A0001B-81B5-C9F9-4B84-7A21B983A7E4}") = "ImagineCup", "Assembly-CSharp-firstpass.csproj", "{7C2C3641-F47A-ED2A-2B37-1E4122F9BCF3}"
EndProject
Project("{A3A0001B-81B5-C9F9-4B84-7A21B983A7E4}") = "ImagineCup", "Assembly-CSharp.csproj", "{8AC1C2EF-8BAD-AB64-BC92-89857658F5C2}"
EndProject
Project("{A3A0001B-81B5-C9F9-4B84-7A21B983A7E4}") = "ImagineCup", "Assembly-UnityScript-firstpass.unityproj", "{5349BE66-D734-0DF2-8F7C-EE6029E95887}"
EndProject
Project("{A3A0001B-81B5-C9F9-4B84-7A21B983A7E4}") = "ImagineCup", "Assembly-UnityScript-Editor.unityproj", "{3A6256E0-7BBA-D5DC-76E3-90979517094A}"
EndProject
Global
	GlobalSection(SolutionConfigurationPlatforms) = preSolution
		Debug|Any CPU = Debug|Any CPU
		Release|Any CPU = Release|Any CPU
	EndGlobalSection
	GlobalSection(ProjectConfigurationPlatforms) = postSolution
		{7C2C3641-F47A-ED2A-2B37-1E4122F9BCF3}.Debug|Any CPU.ActiveCfg = Debug|Any CPU
		{7C2C3641-F47A-ED2A-2B37-1E4122F9BCF3}.Debug|Any CPU.Build.0 = Debug|Any CPU
		{7C2C3641-F47A-ED2A-2B37-1E4122F9BCF3}.Release|Any CPU.ActiveCfg = Release|Any CPU
		{7C2C3641-F47A-ED2A-2B37-1E4122F9BCF3}.Release|Any CPU.Build.0 = Release|Any CPU
		{8AC1C2EF-8BAD-AB64-BC92-89857658F5C2}.Debug|Any CPU.ActiveCfg = Debug|Any CPU
		{8AC1C2EF-8BAD-AB64-BC92-89857658F5C2}.Debug|Any CPU.Build.0 = Debug|Any CPU
		{8AC1C2EF-8BAD-AB64-BC92-89857658F5C2}.Release|Any CPU.ActiveCfg = Release|Any CPU
		{8AC1C2EF-8BAD-AB64-BC92-89857658F5C2}.Release|Any CPU.Build.0 = Release|Any CPU
		{5349BE66-D734-0DF2-8F7C-EE6029E95887}.Debug|Any CPU.ActiveCfg = Debug|Any CPU
		{5349BE66-D734-0DF2-8F7C-EE6029E95887}.Debug|Any CPU.Build.0 = Debug|Any CPU
		{5349BE66-D734-0DF2-8F7C-EE6029E95887}.Release|Any CPU.ActiveCfg = Release|Any CPU
		{5349BE66-D734-0DF2-8F7C-EE6029E95887}.Release|Any CPU.Build.0 = Release|Any CPU
		{3A6256E0-7BBA-D5DC-76E3-90979517094A}.Debug|Any CPU.ActiveCfg = Debug|Any CPU
		{3A6256E0-7BBA-D5DC-76E3-90979517094A}.Debug|Any CPU.Build.0 = Debug|Any CPU
		{3A6256E0-7BBA-D5DC-76E3-90979517094A}.Release|Any CPU.ActiveCfg = Release|Any CPU
		{3A6256E0-7BBA-D5DC-76E3-90979517094A}.Release|Any CPU.Build.0 = Release|Any CPU
	EndGlobalSection
	GlobalSection(SolutionProperties) = preSolution
		HideSolutionNode = FALSE
	EndGlobalSection
																												GlobalSection(MonoDevelopProperties) = preSolution
		StartupItem = Assembly-CSharp.csproj
		Policies = $0
		$0.TextStylePolicy = $1
		$1.inheritsSet = null
		$1.scope = text/x-csharp
		$0.CSharpFormattingPolicy = $2
		$2.inheritsSet = Mono
		$2.inheritsScope = text/x-csharp
		$2.scope = text/x-csharp
		$0.TextStylePolicy = $3
		$3.FileWidth = 120
		$3.TabWidth = 4
		$3.EolMarker = Unix
		$3.inheritsSet = Mono
		$3.inheritsScope = text/plain
		$3.scope = text/plain
	EndGlobalSection

EndGlobal
